// !$*UTF8*$!
{
	archiveVersion = 1;
	classes = {
	};
	objectVersion = 50;
	objects = {

/* Begin PBXBuildFile section */
		AD62971623F485DD00DF1E54 /* AppDelegate.swift in Sources */ = {isa = PBXBuildFile; fileRef = AD62971523F485DD00DF1E54 /* AppDelegate.swift */; };
		AD62971823F485DD00DF1E54 /* SceneDelegate.swift in Sources */ = {isa = PBXBuildFile; fileRef = AD62971723F485DD00DF1E54 /* SceneDelegate.swift */; };
		AD62971A23F485DD00DF1E54 /* CalculateViewController.swift in Sources */ = {isa = PBXBuildFile; fileRef = AD62971923F485DD00DF1E54 /* CalculateViewController.swift */; };
		AD62971D23F485DD00DF1E54 /* Main.storyboard in Resources */ = {isa = PBXBuildFile; fileRef = AD62971B23F485DD00DF1E54 /* Main.storyboard */; };
		AD62971F23F485DF00DF1E54 /* Assets.xcassets in Resources */ = {isa = PBXBuildFile; fileRef = AD62971E23F485DF00DF1E54 /* Assets.xcassets */; };
		AD62972223F485DF00DF1E54 /* LaunchScreen.storyboard in Resources */ = {isa = PBXBuildFile; fileRef = AD62972023F485DF00DF1E54 /* LaunchScreen.storyboard */; };
		AD62972F23F49BE700DF1E54 /* ResultViewController.swift in Sources */ = {isa = PBXBuildFile; fileRef = AD62972E23F49BE700DF1E54 /* ResultViewController.swift */; };
		AD831F4523F4A53B00F0DFCC /* CalculatorBrain.swift in Sources */ = {isa = PBXBuildFile; fileRef = AD831F4423F4A53B00F0DFCC /* CalculatorBrain.swift */; };
		AD831F4723F4ABD100F0DFCC /* BMI.swift in Sources */ = {isa = PBXBuildFile; fileRef = AD831F4623F4ABD100F0DFCC /* BMI.swift */; };
/* End PBXBuildFile section */

/* Begin PBXFileReference section */
		AD62971223F485DD00DF1E54 /* BMI Calculator.app */ = {isa = PBXFileReference; explicitFileType = wrapper.application; includeInIndex = 0; path = "BMI Calculator.app"; sourceTree = BUILT_PRODUCTS_DIR; };
		AD62971523F485DD00DF1E54 /* AppDelegate.swift */ = {isa = PBXFileReference; lastKnownFileType = sourcecode.swift; path = AppDelegate.swift; sourceTree = "<group>"; };
		AD62971723F485DD00DF1E54 /* SceneDelegate.swift */ = {isa = PBXFileReference; lastKnownFileType = sourcecode.swift; path = SceneDelegate.swift; sourceTree = "<group>"; };
		AD62971923F485DD00DF1E54 /* CalculateViewController.swift */ = {isa = PBXFileReference; lastKnownFileType = sourcecode.swift; path = CalculateViewController.swift; sourceTree = "<group>"; };
		AD62971C23F485DD00DF1E54 /* Base */ = {isa = PBXFileReference; lastKnownFileType = file.storyboard; name = Base; path = Base.lproj/Main.storyboard; sourceTree = "<group>"; };
		AD62971E23F485DF00DF1E54 /* Assets.xcassets */ = {isa = PBXFileReference; lastKnownFileType = folder.assetcatalog; path = Assets.xcassets; sourceTree = "<group>"; };
		AD62972123F485DF00DF1E54 /* Base */ = {isa = PBXFileReference; lastKnownFileType = file.storyboard; name = Base; path = Base.lproj/LaunchScreen.storyboard; sourceTree = "<group>"; };
		AD62972323F485DF00DF1E54 /* Info.plist */ = {isa = PBXFileReference; lastKnownFileType = text.plist.xml; path = Info.plist; sourceTree = "<group>"; };
		AD62972E23F49BE700DF1E54 /* ResultViewController.swift */ = {isa = PBXFileReference; lastKnownFileType = sourcecode.swift; path = ResultViewController.swift; sourceTree = "<group>"; };
		AD831F4423F4A53B00F0DFCC /* CalculatorBrain.swift */ = {isa = PBXFileReference; lastKnownFileType = sourcecode.swift; path = CalculatorBrain.swift; sourceTree = "<group>"; };
		AD831F4623F4ABD100F0DFCC /* BMI.swift */ = {isa = PBXFileReference; lastKnownFileType = sourcecode.swift; path = BMI.swift; sourceTree = "<group>"; };
/* End PBXFileReference section */

/* Begin PBXFrameworksBuildPhase section */
		AD62970F23F485DD00DF1E54 /* Frameworks */ = {
			isa = PBXFrameworksBuildPhase;
			buildActionMask = 2147483647;
			files = (
			);
			runOnlyForDeploymentPostprocessing = 0;
		};
/* End PBXFrameworksBuildPhase section */

/* Begin PBXGroup section */
		AD62970923F485DD00DF1E54 = {
			isa = PBXGroup;
			children = (
				AD62971423F485DD00DF1E54 /* BMI Calculator */,
				AD62971323F485DD00DF1E54 /* Products */,
			);
			sourceTree = "<group>";
		};
		AD62971323F485DD00DF1E54 /* Products */ = {
			isa = PBXGroup;
			children = (
				AD62971223F485DD00DF1E54 /* BMI Calculator.app */,
			);
			name = Products;
			sourceTree = "<group>";
		};
		AD62971423F485DD00DF1E54 /* BMI Calculator */ = {
			isa = PBXGroup;
			children = (
				AD62971523F485DD00DF1E54 /* AppDelegate.swift */,
				AD62971723F485DD00DF1E54 /* SceneDelegate.swift */,
				AD62972A23F4863C00DF1E54 /* Model */,
				AD62972923F4863100DF1E54 /* View */,
				AD62972B23F4864300DF1E54 /* Controller */,
				AD62971E23F485DF00DF1E54 /* Assets.xcassets */,
				AD62972023F485DF00DF1E54 /* LaunchScreen.storyboard */,
				AD62972323F485DF00DF1E54 /* Info.plist */,
			);
			path = "BMI Calculator";
			sourceTree = "<group>";
		};
		AD62972923F4863100DF1E54 /* View */ = {
			isa = PBXGroup;
			children = (
				AD62971B23F485DD00DF1E54 /* Main.storyboard */,
			);
			path = View;
			sourceTree = "<group>";
		};
		AD62972A23F4863C00DF1E54 /* Model */ = {
			isa = PBXGroup;
			children = (
				AD831F4423F4A53B00F0DFCC /* CalculatorBrain.swift */,
				AD831F4623F4ABD100F0DFCC /* BMI.swift */,
			);
			path = Model;
			sourceTree = "<group>";
		};
		AD62972B23F4864300DF1E54 /* Controller */ = {
			isa = PBXGroup;
			children = (
				AD62971923F485DD00DF1E54 /* CalculateViewController.swift */,
				AD62972E23F49BE700DF1E54 /* ResultViewController.swift */,
			);
			path = Controller;
			sourceTree = "<group>";
		};
/* End PBXGroup section */

/* Begin PBXNativeTarget section */
		AD62971123F485DD00DF1E54 /* BMI Calculator */ = {
			isa = PBXNativeTarget;
			buildConfigurationList = AD62972623F485DF00DF1E54 /* Build configuration list for PBXNativeTarget "BMI Calculator" */;
			buildPhases = (
				AD62970E23F485DD00DF1E54 /* Sources */,
				AD62970F23F485DD00DF1E54 /* Frameworks */,
				AD62971023F485DD00DF1E54 /* Resources */,
			);
			buildRules = (
			);
			dependencies = (
			);
			name = "BMI Calculator";
			productName = "BMI Calculator";
			productReference = AD62971223F485DD00DF1E54 /* BMI Calculator.app */;
			productType = "com.apple.product-type.application";
		};
/* End PBXNativeTarget section */

/* Begin PBXProject section */
		AD62970A23F485DD00DF1E54 /* Project object */ = {
			isa = PBXProject;
			attributes = {
				LastSwiftUpdateCheck = 1130;
				LastUpgradeCheck = 1130;
				ORGANIZATIONNAME = "Salah Khaled";
				TargetAttributes = {
					AD62971123F485DD00DF1E54 = {
						CreatedOnToolsVersion = 11.3.1;
					};
				};
			};
			buildConfigurationList = AD62970D23F485DD00DF1E54 /* Build configuration list for PBXProject "BMI Calculator" */;
			compatibilityVersion = "Xcode 9.3";
			developmentRegion = en;
			hasScannedForEncodings = 0;
			knownRegions = (
				en,
				Base,
			);
			mainGroup = AD62970923F485DD00DF1E54;
			productRefGroup = AD62971323F485DD00DF1E54 /* Products */;
			projectDirPath = "";
			projectRoot = "";
			targets = (
				AD62971123F485DD00DF1E54 /* BMI Calculator */,
			);
		};
/* End PBXProject section */

/* Begin PBXResourcesBuildPhase section */
		AD62971023F485DD00DF1E54 /* Resources */ = {
			isa = PBXResourcesBuildPhase;
			buildActionMask = 2147483647;
			files = (
				AD62972223F485DF00DF1E54 /* LaunchScreen.storyboard in Resources */,
				AD62971F23F485DF00DF1E54 /* Assets.xcassets in Resources */,
				AD62971D23F485DD00DF1E54 /* Main.storyboard in Resources */,
			);
			runOnlyForDeploymentPostprocessing = 0;
		};
/* End PBXResourcesBuildPhase section */

/* Begin PBXSourcesBuildPhase section */
		AD62970E23F485DD00DF1E54 /* Sources */ = {
			isa = PBXSourcesBuildPhase;
			buildActionMask = 2147483647;
			files = (
				AD62971A23F485DD00DF1E54 /* CalculateViewController.swift in Sources */,
				AD62971623F485DD00DF1E54 /* AppDelegate.swift in Sources */,
				AD62971823F485DD00DF1E54 /* SceneDelegate.swift in Sources */,
				AD831F4523F4A53B00F0DFCC /* CalculatorBrain.swift in Sources */,
				AD831F4723F4ABD100F0DFCC /* BMI.swift in Sources */,
				AD62972F23F49BE700DF1E54 /* ResultViewController.swift in Sources */,
			);
			runOnlyForDeploymentPostprocessing = 0;
		};
/* End PBXSourcesBuildPhase section */

/* Begin PBXVariantGroup section */
		AD62971B23F485DD00DF1E54 /* Main.storyboard */ = {
			isa = PBXVariantGroup;
			children = (
				AD62971C23F485DD00DF1E54 /* Base */,
			);
			name = Main.storyboard;
			sourceTree = "<group>";
		};
		AD62972023F485DF00DF1E54 /* LaunchScreen.storyboard */ = {
			isa = PBXVariantGroup;
			children = (
				AD62972123F485DF00DF1E54 /* Base */,
			);
			name = LaunchScreen.storyboard;
			sourceTree = "<group>";
		};
/* End PBXVariantGroup section */

/* Begin XCBuildConfiguration section */
		AD62972423F485DF00DF1E54 /* Debug */ = {
			isa = XCBuildConfiguration;
			buildSettings = {
				ALWAYS_SEARCH_USER_PATHS = NO;
				CLANG_ANALYZER_NONNULL = YES;
				CLANG_ANALYZER_NUMBER_OBJECT_CONVERSION = YES_AGGRESSIVE;
				CLANG_CXX_LANGUAGE_STANDARD = "gnu++14";
				CLANG_CXX_LIBRARY = "libc++";
				CLANG_ENABLE_MODULES = YES;
				CLANG_ENABLE_OBJC_ARC = YES;
				CLANG_ENABLE_OBJC_WEAK = YES;
				CLANG_WARN_BLOCK_CAPTURE_AUTORELEASING = YES;
				CLANG_WARN_BOOL_CONVERSION = YES;
				CLANG_WARN_COMMA = YES;
				CLANG_WARN_CONSTANT_CONVERSION = YES;
				CLANG_WARN_DEPRECATED_OBJC_IMPLEMENTATIONS = YES;
				CLANG_WARN_DIRECT_OBJC_ISA_USAGE = YES_ERROR;
				CLANG_WARN_DOCUMENTATION_COMMENTS = YES;
				CLANG_WARN_EMPTY_BODY = YES;
				CLANG_WARN_ENUM_CONVERSION = YES;
				CLANG_WARN_INFINITE_RECURSION = YES;
				CLANG_WARN_INT_CONVERSION = YES;
				CLANG_WARN_NON_LITERAL_NULL_CONVERSION = YES;
				CLANG_WARN_OBJC_IMPLICIT_RETAIN_SELF = YES;
				CLANG_WARN_OBJC_LITERAL_CONVERSION = YES;
				CLANG_WARN_OBJC_ROOT_CLASS = YES_ERROR;
				CLANG_WARN_RANGE_LOOP_ANALYSIS = YES;
				CLANG_WARN_STRICT_PROTOTYPES = YES;
				CLANG_WARN_SUSPICIOUS_MOVE = YES;
				CLANG_WARN_UNGUARDED_AVAILABILITY = YES_AGGRESSIVE;
				CLANG_WARN_UNREACHABLE_CODE = YES;
				CLANG_WARN__DUPLICATE_METHOD_MATCH = YES;
				COPY_PHASE_STRIP = NO;
				DEBUG_INFORMATION_FORMAT = dwarf;
				ENABLE_STRICT_OBJC_MSGSEND = YES;
				ENABLE_TESTABILITY = YES;
				GCC_C_LANGUAGE_STANDARD = gnu11;
				GCC_DYNAMIC_NO_PIC = NO;
				GCC_NO_COMMON_BLOCKS = YES;
				GCC_OPTIMIZATION_LEVEL = 0;
				GCC_PREPROCESSOR_DEFINITIONS = (
					"DEBUG=1",
					"$(inherited)",
				);
				GCC_WARN_64_TO_32_BIT_CONVERSION = YES;
				GCC_WARN_ABOUT_RETURN_TYPE = YES_ERROR;
				GCC_WARN_UNDECLARED_SELECTOR = YES;
				GCC_WARN_UNINITIALIZED_AUTOS = YES_AGGRESSIVE;
				GCC_WARN_UNUSED_FUNCTION = YES;
				GCC_WARN_UNUSED_VARIABLE = YES;
				IPHONEOS_DEPLOYMENT_TARGET = 13.2;
				MTL_ENABLE_DEBUG_INFO = INCLUDE_SOURCE;
				MTL_FAST_MATH = YES;
				ONLY_ACTIVE_ARCH = YES;
				SDKROOT = iphoneos;
				SWIFT_ACTIVE_COMPILATION_CONDITIONS = DEBUG;
				SWIFT_OPTIMIZATION_LEVEL = "-Onone";
			};
			name = Debug;
		};
		AD62972523F485DF00DF1E54 /* Release */ = {
			isa = XCBuildConfiguration;
			buildSettings = {
				ALWAYS_SEARCH_USER_PATHS = NO;
				CLANG_ANALYZER_NONNULL = YES;
				CLANG_ANALYZER_NUMBER_OBJECT_CONVERSION = YES_AGGRESSIVE;
				CLANG_CXX_LANGUAGE_STANDARD = "gnu++14";
				CLANG_CXX_LIBRARY = "libc++";
				CLANG_ENABLE_MODULES = YES;
				CLANG_ENABLE_OBJC_ARC = YES;
				CLANG_ENABLE_OBJC_WEAK = YES;
				CLANG_WARN_BLOCK_CAPTURE_AUTORELEASING = YES;
				CLANG_WARN_BOOL_CONVERSION = YES;
				CLANG_WARN_COMMA = YES;
				CLANG_WARN_CONSTANT_CONVERSION = YES;
				CLANG_WARN_DEPRECATED_OBJC_IMPLEMENTATIONS = YES;
				CLANG_WARN_DIRECT_OBJC_ISA_USAGE = YES_ERROR;
				CLANG_WARN_DOCUMENTATION_COMMENTS = YES;
				CLANG_WARN_EMPTY_BODY = YES;
				CLANG_WARN_ENUM_CONVERSION = YES;
				CLANG_WARN_INFINITE_RECURSION = YES;
				CLANG_WARN_INT_CONVERSION = YES;
				CLANG_WARN_NON_LITERAL_NULL_CONVERSION = YES;
				CLANG_WARN_OBJC_IMPLICIT_RETAIN_SELF = YES;
				CLANG_WARN_OBJC_LITERAL_CONVERSION = YES;
				CLANG_WARN_OBJC_ROOT_CLASS = YES_ERROR;
				CLANG_WARN_RANGE_LOOP_ANALYSIS = YES;
				CLANG_WARN_STRICT_PROTOTYPES = YES;
				CLANG_WARN_SUSPICIOUS_MOVE = YES;
				CLANG_WARN_UNGUARDED_AVAILABILITY = YES_AGGRESSIVE;
				CLANG_WARN_UNREACHABLE_CODE = YES;
				CLANG_WARN__DUPLICATE_METHOD_MATCH = YES;
				COPY_PHASE_STRIP = NO;
				DEBUG_INFORMATION_FORMAT = "dwarf-with-dsym";
				ENABLE_NS_ASSERTIONS = NO;
				ENABLE_STRICT_OBJC_MSGSEND = YES;
				GCC_C_LANGUAGE_STANDARD = gnu11;
				GCC_NO_COMMON_BLOCKS = YES;
				GCC_WARN_64_TO_32_BIT_CONVERSION = YES;
				GCC_WARN_ABOUT_RETURN_TYPE = YES_ERROR;
				GCC_WARN_UNDECLARED_SELECTOR = YES;
				GCC_WARN_UNINITIALIZED_AUTOS = YES_AGGRESSIVE;
				GCC_WARN_UNUSED_FUNCTION = YES;
				GCC_WARN_UNUSED_VARIABLE = YES;
				IPHONEOS_DEPLOYMENT_TARGET = 13.2;
				MTL_ENABLE_DEBUG_INFO = NO;
				MTL_FAST_MATH = YES;
				SDKROOT = iphoneos;
				SWIFT_COMPILATION_MODE = wholemodule;
				SWIFT_OPTIMIZATION_LEVEL = "-O";
				VALIDATE_PRODUCT = YES;
			};
			name = Release;
		};
		AD62972723F485DF00DF1E54 /* Debug */ = {
			isa = XCBuildConfiguration;
			buildSettings = {
				ASSETCATALOG_COMPILER_APPICON_NAME = AppIcon;
				CODE_SIGN_STYLE = Automatic;
				INFOPLIST_FILE = "BMI Calculator/Info.plist";
				LD_RUNPATH_SEARCH_PATHS = (
					"$(inherited)",
					"@executable_path/Frameworks",
				);
				PRODUCT_BUNDLE_IDENTIFIER = "com.sala7khaled.BMI-Calculator";
				PRODUCT_NAME = "$(TARGET_NAME)";
				SWIFT_VERSION = 5.0;
				TARGETED_DEVICE_FAMILY = "1,2";
			};
			name = Debug;
		};
		AD62972823F485DF00DF1E54 /* Release */ = {
			isa = XCBuildConfiguration;
			buildSettings = {
				ASSETCATALOG_COMPILER_APPICON_NAME = AppIcon;
				CODE_SIGN_STYLE = Automatic;
				INFOPLIST_FILE = "BMI Calculator/Info.plist";
				LD_RUNPATH_SEARCH_PATHS = (
					"$(inherited)",
					"@executable_path/Frameworks",
				);
				PRODUCT_BUNDLE_IDENTIFIER = "com.sala7khaled.BMI-Calculator";
				PRODUCT_NAME = "$(TARGET_NAME)";
				SWIFT_VERSION = 5.0;
				TARGETED_DEVICE_FAMILY = "1,2";
			};
			name = Release;
		};
/* End XCBuildConfiguration section */

/* Begin XCConfigurationList section */
		AD62970D23F485DD00DF1E54 /* Build configuration list for PBXProject "BMI Calculator" */ = {
			isa = XCConfigurationList;
			buildConfigurations = (
				AD62972423F485DF00DF1E54 /* Debug */,
				AD62972523F485DF00DF1E54 /* Release */,
			);
			defaultConfigurationIsVisible = 0;
			defaultConfigurationName = Release;
		};
		AD62972623F485DF00DF1E54 /* Build configuration list for PBXNativeTarget "BMI Calculator" */ = {
			isa = XCConfigurationList;
			buildConfigurations = (
				AD62972723F485DF00DF1E54 /* Debug */,
				AD62972823F485DF00DF1E54 /* Release */,
			);
			defaultConfigurationIsVisible = 0;
			defaultConfigurationName = Release;
		};
/* End XCConfigurationList section */
	};
	rootObject = AD62970A23F485DD00DF1E54 /* Project object */;
}
